lockfileVersion: 5.3

specifiers:
  '@vue/reactivity': 3.2.1
  '@vue/shared': 3.2.1
  esbuild: ^0.12.17

dependencies:
  '@vue/reactivity': 3.2.1
  '@vue/shared': 3.2.1

devDependencies:
  esbuild: 0.12.17

packages:

  /@vue/reactivity/3.2.1:
    resolution: {integrity: sha512-4Lja2KmyiKvuraDed6dXK2A6+r/7x7xGDA7vVR2Aqc8hQVu0+FWeVX+IBfiVOSpbZXFlHLNmCBFkbuWLQSlgxg==}
    dependencies:
      '@vue/shared': 3.2.1
    dev: false

  /@vue/shared/3.2.1:
    resolution: {integrity: sha512-INN92dVBNgd0TW9BqfQQKx/HWGCHhUUbAV5EZ5FgSCiEdwuZsJbGt1mdnaD9IxGhpiyOjP2ClxGG8SFp7ELcWg==}
    dev: false

  /esbuild/0.12.17:
    resolution: {integrity: sha512-GshKJyVYUnlSXIZj/NheC2O0Kblh42CS7P1wJyTbbIHevTG4jYMS9NNw8EOd8dDWD0dzydYHS01MpZoUcQXB4g==}
    hasBin: true
    requiresBuild: true
    dev: true
